
Microsoft Visual Studio Solution File, Format Version 12.00
# Visual Studio Version 17
VisualStudioVersion = 17.3.32901.215
MinimumVisualStudioVersion = 10.0.40219.1
Project("{FAE04EC0-301F-11D3-BF4B-00C04F79EFBC}") = "Rad2022.Android", "Rad2022\Rad2022.Android\Rad2022.Android.csproj", "{D74615F9-08D9-4EF4-833A-C8CA9E66C3B7}"
EndProject
Project("{FAE04EC0-301F-11D3-BF4B-00C04F79EFBC}") = "Rad2022", "Rad2022\Rad2022\Rad2022.csproj", "{0BE1CA42-231B-43B3-B3E3-F70F1C3BD949}"
EndProject
Global
	GlobalSection(SolutionConfigurationPlatforms) = preSolution
		Debug|Any CPU = Debug|Any CPU
		Release|Any CPU = Release|Any CPU
	EndGlobalSection
	GlobalSection(ProjectConfigurationPlatforms) = postSolution
		{D74615F9-08D9-4EF4-833A-C8CA9E66C3B7}.Debug|Any CPU.ActiveCfg = Debug|Any CPU
		{D74615F9-08D9-4EF4-833A-C8CA9E66C3B7}.Debug|Any CPU.Build.0 = Debug|Any CPU
		{D74615F9-08D9-4EF4-833A-C8CA9E66C3B7}.Debug|Any CPU.Deploy.0 = Debug|Any CPU
		{D74615F9-08D9-4EF4-833A-C8CA9E66C3B7}.Release|Any CPU.ActiveCfg = Release|Any CPU
		{D74615F9-08D9-4EF4-833A-C8CA9E66C3B7}.Release|Any CPU.Build.0 = Release|Any CPU
		{D74615F9-08D9-4EF4-833A-C8CA9E66C3B7}.Release|Any CPU.Deploy.0 = Release|Any CPU
		{0BE1CA42-231B-43B3-B3E3-F70F1C3BD949}.Debug|Any CPU.ActiveCfg = Debug|Any CPU
		{0BE1CA42-231B-43B3-B3E3-F70F1C3BD949}.Debug|Any CPU.Build.0 = Debug|Any CPU
		{0BE1CA42-231B-43B3-B3E3-F70F1C3BD949}.Debug|Any CPU.Deploy.0 = Debug|Any CPU
		{0BE1CA42-231B-43B3-B3E3-F70F1C3BD949}.Release|Any CPU.ActiveCfg = Release|Any CPU
		{0BE1CA42-231B-43B3-B3E3-F70F1C3BD949}.Release|Any CPU.Build.0 = Release|Any CPU
		{0BE1CA42-231B-43B3-B3E3-F70F1C3BD949}.Release|Any CPU.Deploy.0 = Release|Any CPU
	EndGlobalSection
	GlobalSection(SolutionProperties) = preSolution
		HideSolutionNode = FALSE
	EndGlobalSection
	GlobalSection(ExtensibilityGlobals) = postSolution
		SolutionGuid = {6433815B-31BD-42F0-B2B1-4F31271B5516}
	EndGlobalSection
EndGlobal
